// !$*UTF8*$!
{
	archiveVersion = 1;
	classes = {
	};
	objectVersion = 46;
	objects = {

/* Begin PBXBuildFile section */
		9267853B1EFD752100EF8B23 /* AppDelegate.swift in Sources */ = {isa = PBXBuildFile; fileRef = 9267853A1EFD752100EF8B23 /* AppDelegate.swift */; };
		9267853D1EFD752100EF8B23 /* ViewController.swift in Sources */ = {isa = PBXBuildFile; fileRef = 9267853C1EFD752100EF8B23 /* ViewController.swift */; };
		926785401EFD752200EF8B23 /* Main.storyboard in Resources */ = {isa = PBXBuildFile; fileRef = 9267853E1EFD752200EF8B23 /* Main.storyboard */; };
		926785421EFD752200EF8B23 /* Assets.xcassets in Resources */ = {isa = PBXBuildFile; fileRef = 926785411EFD752200EF8B23 /* Assets.xcassets */; };
		926785451EFD752200EF8B23 /* LaunchScreen.storyboard in Resources */ = {isa = PBXBuildFile; fileRef = 926785431EFD752200EF8B23 /* LaunchScreen.storyboard */; };
		926785501EFD752300EF8B23 /* Location_AwareTests.swift in Sources */ = {isa = PBXBuildFile; fileRef = 9267854F1EFD752300EF8B23 /* Location_AwareTests.swift */; };
		9267855B1EFD752300EF8B23 /* Location_AwareUITests.swift in Sources */ = {isa = PBXBuildFile; fileRef = 9267855A1EFD752300EF8B23 /* Location_AwareUITests.swift */; };
		9267856A1EFD754700EF8B23 /* CoreLocation.framework in Frameworks */ = {isa = PBXBuildFile; fileRef = 926785691EFD754700EF8B23 /* CoreLocation.framework */; };
/* End PBXBuildFile section */

/* Begin PBXContainerItemProxy section */
		9267854C1EFD752300EF8B23 /* PBXContainerItemProxy */ = {
			isa = PBXContainerItemProxy;
			containerPortal = 9267852F1EFD752000EF8B23 /* Project object */;
			proxyType = 1;
			remoteGlobalIDString = 926785361EFD752100EF8B23;
			remoteInfo = "Location Aware";
		};
		926785571EFD752300EF8B23 /* PBXContainerItemProxy */ = {
			isa = PBXContainerItemProxy;
			containerPortal = 9267852F1EFD752000EF8B23 /* Project object */;
			proxyType = 1;
			remoteGlobalIDString = 926785361EFD752100EF8B23;
			remoteInfo = "Location Aware";
		};
/* End PBXContainerItemProxy section */

/* Begin PBXFileReference section */
		926785371EFD752100EF8B23 /* Location Aware.app */ = {isa = PBXFileReference; explicitFileType = wrapper.application; includeInIndex = 0; path = "Location Aware.app"; sourceTree = BUILT_PRODUCTS_DIR; };
		9267853A1EFD752100EF8B23 /* AppDelegate.swift */ = {isa = PBXFileReference; lastKnownFileType = sourcecode.swift; path = AppDelegate.swift; sourceTree = "<group>"; };
		9267853C1EFD752100EF8B23 /* ViewController.swift */ = {isa = PBXFileReference; lastKnownFileType = sourcecode.swift; path = ViewController.swift; sourceTree = "<group>"; };
		9267853F1EFD752200EF8B23 /* Base */ = {isa = PBXFileReference; lastKnownFileType = file.storyboard; name = Base; path = Base.lproj/Main.storyboard; sourceTree = "<group>"; };
		926785411EFD752200EF8B23 /* Assets.xcassets */ = {isa = PBXFileReference; lastKnownFileType = folder.assetcatalog; path = Assets.xcassets; sourceTree = "<group>"; };
		926785441EFD752200EF8B23 /* Base */ = {isa = PBXFileReference; lastKnownFileType = file.storyboard; name = Base; path = Base.lproj/LaunchScreen.storyboard; sourceTree = "<group>"; };
		926785461EFD752200EF8B23 /* Info.plist */ = {isa = PBXFileReference; lastKnownFileType = text.plist.xml; path = Info.plist; sourceTree = "<group>"; };
		9267854B1EFD752300EF8B23 /* Location AwareTests.xctest */ = {isa = PBXFileReference; explicitFileType = wrapper.cfbundle; includeInIndex = 0; path = "Location AwareTests.xctest"; sourceTree = BUILT_PRODUCTS_DIR; };
		9267854F1EFD752300EF8B23 /* Location_AwareTests.swift */ = {isa = PBXFileReference; lastKnownFileType = sourcecode.swift; path = Location_AwareTests.swift; sourceTree = "<group>"; };
		926785511EFD752300EF8B23 /* Info.plist */ = {isa = PBXFileReference; lastKnownFileType = text.plist.xml; path = Info.plist; sourceTree = "<group>"; };
		926785561EFD752300EF8B23 /* Location AwareUITests.xctest */ = {isa = PBXFileReference; explicitFileType = wrapper.cfbundle; includeInIndex = 0; path = "Location AwareUITests.xctest"; sourceTree = BUILT_PRODUCTS_DIR; };
		9267855A1EFD752300EF8B23 /* Location_AwareUITests.swift */ = {isa = PBXFileReference; lastKnownFileType = sourcecode.swift; path = Location_AwareUITests.swift; sourceTree = "<group>"; };
		9267855C1EFD752300EF8B23 /* Info.plist */ = {isa = PBXFileReference; lastKnownFileType = text.plist.xml; path = Info.plist; sourceTree = "<group>"; };
		926785691EFD754700EF8B23 /* CoreLocation.framework */ = {isa = PBXFileReference; lastKnownFileType = wrapper.framework; name = CoreLocation.framework; path = System/Library/Frameworks/CoreLocation.framework; sourceTree = SDKROOT; };
/* End PBXFileReference section */

/* Begin PBXFrameworksBuildPhase section */
		926785341EFD752100EF8B23 /* Frameworks */ = {
			isa = PBXFrameworksBuildPhase;
			buildActionMask = 2147483647;
			files = (
				9267856A1EFD754700EF8B23 /* CoreLocation.framework in Frameworks */,
			);
			runOnlyForDeploymentPostprocessing = 0;
		};
		926785481EFD752300EF8B23 /* Frameworks */ = {
			isa = PBXFrameworksBuildPhase;
			buildActionMask = 2147483647;
			files = (
			);
			runOnlyForDeploymentPostprocessing = 0;
		};
		926785531EFD752300EF8B23 /* Frameworks */ = {
			isa = PBXFrameworksBuildPhase;
			buildActionMask = 2147483647;
			files = (
			);
			runOnlyForDeploymentPostprocessing = 0;
		};
/* End PBXFrameworksBuildPhase section */

/* Begin PBXGroup section */
		9267852E1EFD752000EF8B23 = {
			isa = PBXGroup;
			children = (
				926785391EFD752100EF8B23 /* Location Aware */,
				9267854E1EFD752300EF8B23 /* Location AwareTests */,
				926785591EFD752300EF8B23 /* Location AwareUITests */,
				926785381EFD752100EF8B23 /* Products */,
				926785681EFD754600EF8B23 /* Frameworks */,
			);
			sourceTree = "<group>";
		};
		926785381EFD752100EF8B23 /* Products */ = {
			isa = PBXGroup;
			children = (
				926785371EFD752100EF8B23 /* Location Aware.app */,
				9267854B1EFD752300EF8B23 /* Location AwareTests.xctest */,
				926785561EFD752300EF8B23 /* Location AwareUITests.xctest */,
			);
			name = Products;
			sourceTree = "<group>";
		};
		926785391EFD752100EF8B23 /* Location Aware */ = {
			isa = PBXGroup;
			children = (
				9267853A1EFD752100EF8B23 /* AppDelegate.swift */,
				9267853C1EFD752100EF8B23 /* ViewController.swift */,
				9267853E1EFD752200EF8B23 /* Main.storyboard */,
				926785411EFD752200EF8B23 /* Assets.xcassets */,
				926785431EFD752200EF8B23 /* LaunchScreen.storyboard */,
				926785461EFD752200EF8B23 /* Info.plist */,
			);
			path = "Location Aware";
			sourceTree = "<group>";
		};
		9267854E1EFD752300EF8B23 /* Location AwareTests */ = {
			isa = PBXGroup;
			children = (
				9267854F1EFD752300EF8B23 /* Location_AwareTests.swift */,
				926785511EFD752300EF8B23 /* Info.plist */,
			);
			path = "Location AwareTests";
			sourceTree = "<group>";
		};
		926785591EFD752300EF8B23 /* Location AwareUITests */ = {
			isa = PBXGroup;
			children = (
				9267855A1EFD752300EF8B23 /* Location_AwareUITests.swift */,
				9267855C1EFD752300EF8B23 /* Info.plist */,
			);
			path = "Location AwareUITests";
			sourceTree = "<group>";
		};
		926785681EFD754600EF8B23 /* Frameworks */ = {
			isa = PBXGroup;
			children = (
				926785691EFD754700EF8B23 /* CoreLocation.framework */,
			);
			name = Frameworks;
			sourceTree = "<group>";
		};
/* End PBXGroup section */

/* Begin PBXNativeTarget section */
		926785361EFD752100EF8B23 /* Location Aware */ = {
			isa = PBXNativeTarget;
			buildConfigurationList = 9267855F1EFD752300EF8B23 /* Build configuration list for PBXNativeTarget "Location Aware" */;
			buildPhases = (
				926785331EFD752100EF8B23 /* Sources */,
				926785341EFD752100EF8B23 /* Frameworks */,
				926785351EFD752100EF8B23 /* Resources */,
			);
			buildRules = (
			);
			dependencies = (
			);
			name = "Location Aware";
			productName = "Location Aware";
			productReference = 926785371EFD752100EF8B23 /* Location Aware.app */;
			productType = "com.apple.product-type.application";
		};
		9267854A1EFD752300EF8B23 /* Location AwareTests */ = {
			isa = PBXNativeTarget;
			buildConfigurationList = 926785621EFD752300EF8B23 /* Build configuration list for PBXNativeTarget "Location AwareTests" */;
			buildPhases = (
				926785471EFD752300EF8B23 /* Sources */,
				926785481EFD752300EF8B23 /* Frameworks */,
				926785491EFD752300EF8B23 /* Resources */,
			);
			buildRules = (
			);
			dependencies = (
				9267854D1EFD752300EF8B23 /* PBXTargetDependency */,
			);
			name = "Location AwareTests";
			productName = "Location AwareTests";
			productReference = 9267854B1EFD752300EF8B23 /* Location AwareTests.xctest */;
			productType = "com.apple.product-type.bundle.unit-test";
		};
		926785551EFD752300EF8B23 /* Location AwareUITests */ = {
			isa = PBXNativeTarget;
			buildConfigurationList = 926785651EFD752300EF8B23 /* Build configuration list for PBXNativeTarget "Location AwareUITests" */;
			buildPhases = (
				926785521EFD752300EF8B23 /* Sources */,
				926785531EFD752300EF8B23 /* Frameworks */,
				926785541EFD752300EF8B23 /* Resources */,
			);
			buildRules = (
			);
			dependencies = (
				926785581EFD752300EF8B23 /* PBXTargetDependency */,
			);
			name = "Location AwareUITests";
			productName = "Location AwareUITests";
			productReference = 926785561EFD752300EF8B23 /* Location AwareUITests.xctest */;
			productType = "com.apple.product-type.bundle.ui-testing";
		};
/* End PBXNativeTarget section */

/* Begin PBXProject section */
		9267852F1EFD752000EF8B23 /* Project object */ = {
			isa = PBXProject;
			attributes = {
				LastSwiftUpdateCheck = 0830;
				LastUpgradeCheck = 0830;
				ORGANIZATIONNAME = Advait;
				TargetAttributes = {
					926785361EFD752100EF8B23 = {
						CreatedOnToolsVersion = 8.3.3;
						ProvisioningStyle = Automatic;
					};
					9267854A1EFD752300EF8B23 = {
						CreatedOnToolsVersion = 8.3.3;
						ProvisioningStyle = Automatic;
						TestTargetID = 926785361EFD752100EF8B23;
					};
					926785551EFD752300EF8B23 = {
						CreatedOnToolsVersion = 8.3.3;
						ProvisioningStyle = Automatic;
						TestTargetID = 926785361EFD752100EF8B23;
					};
				};
			};
			buildConfigurationList = 926785321EFD752000EF8B23 /* Build configuration list for PBXProject "Location Aware" */;
			compatibilityVersion = "Xcode 3.2";
			developmentRegion = English;
			hasScannedForEncodings = 0;
			knownRegions = (
				en,
				Base,
			);
			mainGroup = 9267852E1EFD752000EF8B23;
			productRefGroup = 926785381EFD752100EF8B23 /* Products */;
			projectDirPath = "";
			projectRoot = "";
			targets = (
				926785361EFD752100EF8B23 /* Location Aware */,
				9267854A1EFD752300EF8B23 /* Location AwareTests */,
				926785551EFD752300EF8B23 /* Location AwareUITests */,
			);
		};
/* End PBXProject section */

/* Begin PBXResourcesBuildPhase section */
		926785351EFD752100EF8B23 /* Resources */ = {
			isa = PBXResourcesBuildPhase;
			buildActionMask = 2147483647;
			files = (
				926785451EFD752200EF8B23 /* LaunchScreen.storyboard in Resources */,
				926785421EFD752200EF8B23 /* Assets.xcassets in Resources */,
				926785401EFD752200EF8B23 /* Main.storyboard in Resources */,
			);
			runOnlyForDeploymentPostprocessing = 0;
		};
		926785491EFD752300EF8B23 /* Resources */ = {
			isa = PBXResourcesBuildPhase;
			buildActionMask = 2147483647;
			files = (
			);
			runOnlyForDeploymentPostprocessing = 0;
		};
		926785541EFD752300EF8B23 /* Resources */ = {
			isa = PBXResourcesBuildPhase;
			buildActionMask = 2147483647;
			files = (
			);
			runOnlyForDeploymentPostprocessing = 0;
		};
/* End PBXResourcesBuildPhase section */

/* Begin PBXSourcesBuildPhase section */
		926785331EFD752100EF8B23 /* Sources */ = {
			isa = PBXSourcesBuildPhase;
			buildActionMask = 2147483647;
			files = (
				9267853D1EFD752100EF8B23 /* ViewController.swift in Sources */,
				9267853B1EFD752100EF8B23 /* AppDelegate.swift in Sources */,
			);
			runOnlyForDeploymentPostprocessing = 0;
		};
		926785471EFD752300EF8B23 /* Sources */ = {
			isa = PBXSourcesBuildPhase;
			buildActionMask = 2147483647;
			files = (
				926785501EFD752300EF8B23 /* Location_AwareTests.swift in Sources */,
			);
			runOnlyForDeploymentPostprocessing = 0;
		};
		926785521EFD752300EF8B23 /* Sources */ = {
			isa = PBXSourcesBuildPhase;
			buildActionMask = 2147483647;
			files = (
				9267855B1EFD752300EF8B23 /* Location_AwareUITests.swift in Sources */,
			);
			runOnlyForDeploymentPostprocessing = 0;
		};
/* End PBXSourcesBuildPhase section */

/* Begin PBXTargetDependency section */
		9267854D1EFD752300EF8B23 /* PBXTargetDependency */ = {
			isa = PBXTargetDependency;
			target = 926785361EFD752100EF8B23 /* Location Aware */;
			targetProxy = 9267854C1EFD752300EF8B23 /* PBXContainerItemProxy */;
		};
		926785581EFD752300EF8B23 /* PBXTargetDependency */ = {
			isa = PBXTargetDependency;
			target = 926785361EFD752100EF8B23 /* Location Aware */;
			targetProxy = 926785571EFD752300EF8B23 /* PBXContainerItemProxy */;
		};
/* End PBXTargetDependency section */

/* Begin PBXVariantGroup section */
		9267853E1EFD752200EF8B23 /* Main.storyboard */ = {
			isa = PBXVariantGroup;
			children = (
				9267853F1EFD752200EF8B23 /* Base */,
			);
			name = Main.storyboard;
			sourceTree = "<group>";
		};
		926785431EFD752200EF8B23 /* LaunchScreen.storyboard */ = {
			isa = PBXVariantGroup;
			children = (
				926785441EFD752200EF8B23 /* Base */,
			);
			name = LaunchScreen.storyboard;
			sourceTree = "<group>";
		};
/* End PBXVariantGroup section */

/* Begin XCBuildConfiguration section */
		9267855D1EFD752300EF8B23 /* Debug */ = {
			isa = XCBuildConfiguration;
			buildSettings = {
				ALWAYS_SEARCH_USER_PATHS = NO;
				CLANG_ANALYZER_NONNULL = YES;
				CLANG_ANALYZER_NUMBER_OBJECT_CONVERSION = YES_AGGRESSIVE;
				CLANG_CXX_LANGUAGE_STANDARD = "gnu++0x";
				CLANG_CXX_LIBRARY = "libc++";
				CLANG_ENABLE_MODULES = YES;
				CLANG_ENABLE_OBJC_ARC = YES;
				CLANG_WARN_BOOL_CONVERSION = YES;
				CLANG_WARN_CONSTANT_CONVERSION = YES;
				CLANG_WARN_DIRECT_OBJC_ISA_USAGE = YES_ERROR;
				CLANG_WARN_DOCUMENTATION_COMMENTS = YES;
				CLANG_WARN_EMPTY_BODY = YES;
				CLANG_WARN_ENUM_CONVERSION = YES;
				CLANG_WARN_INFINITE_RECURSION = YES;
				CLANG_WARN_INT_CONVERSION = YES;
				CLANG_WARN_OBJC_ROOT_CLASS = YES_ERROR;
				CLANG_WARN_SUSPICIOUS_MOVE = YES;
				CLANG_WARN_UNREACHABLE_CODE = YES;
				CLANG_WARN__DUPLICATE_METHOD_MATCH = YES;
				"CODE_SIGN_IDENTITY[sdk=iphoneos*]" = "iPhone Developer";
				COPY_PHASE_STRIP = NO;
				DEBUG_INFORMATION_FORMAT = dwarf;
				ENABLE_STRICT_OBJC_MSGSEND = YES;
				ENABLE_TESTABILITY = YES;
				GCC_C_LANGUAGE_STANDARD = gnu99;
				GCC_DYNAMIC_NO_PIC = NO;
				GCC_NO_COMMON_BLOCKS = YES;
				GCC_OPTIMIZATION_LEVEL = 0;
				GCC_PREPROCESSOR_DEFINITIONS = (
					"DEBUG=1",
					"$(inherited)",
				);
				GCC_WARN_64_TO_32_BIT_CONVERSION = YES;
				GCC_WARN_ABOUT_RETURN_TYPE = YES_ERROR;
				GCC_WARN_UNDECLARED_SELECTOR = YES;
				GCC_WARN_UNINITIALIZED_AUTOS = YES_AGGRESSIVE;
				GCC_WARN_UNUSED_FUNCTION = YES;
				GCC_WARN_UNUSED_VARIABLE = YES;
				IPHONEOS_DEPLOYMENT_TARGET = 10.3;
				MTL_ENABLE_DEBUG_INFO = YES;
				ONLY_ACTIVE_ARCH = YES;
				SDKROOT = iphoneos;
				SWIFT_ACTIVE_COMPILATION_CONDITIONS = DEBUG;
				SWIFT_OPTIMIZATION_LEVEL = "-Onone";
				TARGETED_DEVICE_FAMILY = "1,2";
			};
			name = Debug;
		};
		9267855E1EFD752300EF8B23 /* Release */ = {
			isa = XCBuildConfiguration;
			buildSettings = {
				ALWAYS_SEARCH_USER_PATHS = NO;
				CLANG_ANALYZER_NONNULL = YES;
				CLANG_ANALYZER_NUMBER_OBJECT_CONVERSION = YES_AGGRESSIVE;
				CLANG_CXX_LANGUAGE_STANDARD = "gnu++0x";
				CLANG_CXX_LIBRARY = "libc++";
				CLANG_ENABLE_MODULES = YES;
				CLANG_ENABLE_OBJC_ARC = YES;
				CLANG_WARN_BOOL_CONVERSION = YES;
				CLANG_WARN_CONSTANT_CONVERSION = YES;
				CLANG_WARN_DIRECT_OBJC_ISA_USAGE = YES_ERROR;
				CLANG_WARN_DOCUMENTATION_COMMENTS = YES;
				CLANG_WARN_EMPTY_BODY = YES;
				CLANG_WARN_ENUM_CONVERSION = YES;
				CLANG_WARN_INFINITE_RECURSION = YES;
				CLANG_WARN_INT_CONVERSION = YES;
				CLANG_WARN_OBJC_ROOT_CLASS = YES_ERROR;
				CLANG_WARN_SUSPICIOUS_MOVE = YES;
				CLANG_WARN_UNREACHABLE_CODE = YES;
				CLANG_WARN__DUPLICATE_METHOD_MATCH = YES;
				"CODE_SIGN_IDENTITY[sdk=iphoneos*]" = "iPhone Developer";
				COPY_PHASE_STRIP = NO;
				DEBUG_INFORMATION_FORMAT = "dwarf-with-dsym";
				ENABLE_NS_ASSERTIONS = NO;
				ENABLE_STRICT_OBJC_MSGSEND = YES;
				GCC_C_LANGUAGE_STANDARD = gnu99;
				GCC_NO_COMMON_BLOCKS = YES;
				GCC_WARN_64_TO_32_BIT_CONVERSION = YES;
				GCC_WARN_ABOUT_RETURN_TYPE = YES_ERROR;
				GCC_WARN_UNDECLARED_SELECTOR = YES;
				GCC_WARN_UNINITIALIZED_AUTOS = YES_AGGRESSIVE;
				GCC_WARN_UNUSED_FUNCTION = YES;
				GCC_WARN_UNUSED_VARIABLE = YES;
				IPHONEOS_DEPLOYMENT_TARGET = 10.3;
				MTL_ENABLE_DEBUG_INFO = NO;
				SDKROOT = iphoneos;
				SWIFT_OPTIMIZATION_LEVEL = "-Owholemodule";
				TARGETED_DEVICE_FAMILY = "1,2";
				VALIDATE_PRODUCT = YES;
			};
			name = Release;
		};
		926785601EFD752300EF8B23 /* Debug */ = {
			isa = XCBuildConfiguration;
			buildSettings = {
				ASSETCATALOG_COMPILER_APPICON_NAME = AppIcon;
				INFOPLIST_FILE = "Location Aware/Info.plist";
				LD_RUNPATH_SEARCH_PATHS = "$(inherited) @executable_path/Frameworks";
				PRODUCT_BUNDLE_IDENTIFIER = "Advait-Sarang-Inc.Location-Aware";
				PRODUCT_NAME = "$(TARGET_NAME)";
				SWIFT_VERSION = 3.0;
			};
			name = Debug;
		};
		926785611EFD752300EF8B23 /* Release */ = {
			isa = XCBuildConfiguration;
			buildSettings = {
				ASSETCATALOG_COMPILER_APPICON_NAME = AppIcon;
				INFOPLIST_FILE = "Location Aware/Info.plist";
				LD_RUNPATH_SEARCH_PATHS = "$(inherited) @executable_path/Frameworks";
				PRODUCT_BUNDLE_IDENTIFIER = "Advait-Sarang-Inc.Location-Aware";
				PRODUCT_NAME = "$(TARGET_NAME)";
				SWIFT_VERSION = 3.0;
			};
			name = Release;
		};
		926785631EFD752300EF8B23 /* Debug */ = {
			isa = XCBuildConfiguration;
			buildSettings = {
				ALWAYS_EMBED_SWIFT_STANDARD_LIBRARIES = YES;
				BUNDLE_LOADER = "$(TEST_HOST)";
				INFOPLIST_FILE = "Location AwareTests/Info.plist";
				LD_RUNPATH_SEARCH_PATHS = "$(inherited) @executable_path/Frameworks @loader_path/Frameworks";
				PRODUCT_BUNDLE_IDENTIFIER = "Advait-Sarang-Inc.Location-AwareTests";
				PRODUCT_NAME = "$(TARGET_NAME)";
				SWIFT_VERSION = 3.0;
				TEST_HOST = "$(BUILT_PRODUCTS_DIR)/Location Aware.app/Location Aware";
			};
			name = Debug;
		};
		926785641EFD752300EF8B23 /* Release */ = {
			isa = XCBuildConfiguration;
			buildSettings = {
				ALWAYS_EMBED_SWIFT_STANDARD_LIBRARIES = YES;
				BUNDLE_LOADER = "$(TEST_HOST)";
				INFOPLIST_FILE = "Location AwareTests/Info.plist";
				LD_RUNPATH_SEARCH_PATHS = "$(inherited) @executable_path/Frameworks @loader_path/Frameworks";
				PRODUCT_BUNDLE_IDENTIFIER = "Advait-Sarang-Inc.Location-AwareTests";
				PRODUCT_NAME = "$(TARGET_NAME)";
				SWIFT_VERSION = 3.0;
				TEST_HOST = "$(BUILT_PRODUCTS_DIR)/Location Aware.app/Location Aware";
			};
			name = Release;
		};
		926785661EFD752300EF8B23 /* Debug */ = {
			isa = XCBuildConfiguration;
			buildSettings = {
				ALWAYS_EMBED_SWIFT_STANDARD_LIBRARIES = YES;
				INFOPLIST_FILE = "Location AwareUITests/Info.plist";
				LD_RUNPATH_SEARCH_PATHS = "$(inherited) @executable_path/Frameworks @loader_path/Frameworks";
				PRODUCT_BUNDLE_IDENTIFIER = "Advait-Sarang-Inc.Location-AwareUITests";
				PRODUCT_NAME = "$(TARGET_NAME)";
				SWIFT_VERSION = 3.0;
				TEST_TARGET_NAME = "Location Aware";
			};
			name = Debug;
		};
		926785671EFD752300EF8B23 /* Release */ = {
			isa = XCBuildConfiguration;
			buildSettings = {
				ALWAYS_EMBED_SWIFT_STANDARD_LIBRARIES = YES;
				INFOPLIST_FILE = "Location AwareUITests/Info.plist";
				LD_RUNPATH_SEARCH_PATHS = "$(inherited) @executable_path/Frameworks @loader_path/Frameworks";
				PRODUCT_BUNDLE_IDENTIFIER = "Advait-Sarang-Inc.Location-AwareUITests";
				PRODUCT_NAME = "$(TARGET_NAME)";
				SWIFT_VERSION = 3.0;
				TEST_TARGET_NAME = "Location Aware";
			};
			name = Release;
		};
/* End XCBuildConfiguration section */

/* Begin XCConfigurationList section */
		926785321EFD752000EF8B23 /* Build configuration list for PBXProject "Location Aware" */ = {
			isa = XCConfigurationList;
			buildConfigurations = (
				9267855D1EFD752300EF8B23 /* Debug */,
				9267855E1EFD752300EF8B23 /* Release */,
			);
			defaultConfigurationIsVisible = 0;
			defaultConfigurationName = Release;
		};
		9267855F1EFD752300EF8B23 /* Build configuration list for PBXNativeTarget "Location Aware" */ = {
			isa = XCConfigurationList;
			buildConfigurations = (
				926785601EFD752300EF8B23 /* Debug */,
				926785611EFD752300EF8B23 /* Release */,
			);
			defaultConfigurationIsVisible = 0;
		};
		926785621EFD752300EF8B23 /* Build configuration list for PBXNativeTarget "Location AwareTests" */ = {
			isa = XCConfigurationList;
			buildConfigurations = (
				926785631EFD752300EF8B23 /* Debug */,
				926785641EFD752300EF8B23 /* Release */,
			);
			defaultConfigurationIsVisible = 0;
		};
		926785651EFD752300EF8B23 /* Build configuration list for PBXNativeTarget "Location AwareUITests" */ = {
			isa = XCConfigurationList;
			buildConfigurations = (
				926785661EFD752300EF8B23 /* Debug */,
				926785671EFD752300EF8B23 /* Release */,
			);
			defaultConfigurationIsVisible = 0;
		};
/* End XCConfigurationList section */
	};
	rootObject = 9267852F1EFD752000EF8B23 /* Project object */;
}
